
Microsoft Visual Studio Solution File, Format Version 12.00
# Visual Studio 14
VisualStudioVersion = 14.0.25420.1
MinimumVisualStudioVersion = 10.0.40219.1
Project("{FAE04EC0-301F-11D3-BF4B-00C04F79EFBC}") = "JodelAPI", "JodelAPI\JodelAPI.csproj", "{2FE543A6-F341-49D3-9CFD-98559341C69C}"
EndProject
Project("{FAE04EC0-301F-11D3-BF4B-00C04F79EFBC}") = "JodelAPITests", "JodelAPITests\JodelAPITests.csproj", "{F10ED5B5-3F17-44F0-950F-2F323D9B0A48}"
EndProject
Project("{FAE04EC0-301F-11D3-BF4B-00C04F79EFBC}") = "Console", "Console\Console.csproj", "{21F75F00-5F21-4ADD-B423-E67E3D7D7628}"
EndProject
Global
	GlobalSection(SolutionConfigurationPlatforms) = preSolution
		Debug|Any CPU = Debug|Any CPU
		Release|Any CPU = Release|Any CPU
	EndGlobalSection
	GlobalSection(ProjectConfigurationPlatforms) = postSolution
		{2FE543A6-F341-49D3-9CFD-98559341C69C}.Debug|Any CPU.ActiveCfg = Debug|Any CPU
		{2FE543A6-F341-49D3-9CFD-98559341C69C}.Debug|Any CPU.Build.0 = Debug|Any CPU
		{2FE543A6-F341-49D3-9CFD-98559341C69C}.Release|Any CPU.ActiveCfg = Release|Any CPU
		{2FE543A6-F341-49D3-9CFD-98559341C69C}.Release|Any CPU.Build.0 = Release|Any CPU
		{F10ED5B5-3F17-44F0-950F-2F323D9B0A48}.Debug|Any CPU.ActiveCfg = Debug|Any CPU
		{F10ED5B5-3F17-44F0-950F-2F323D9B0A48}.Debug|Any CPU.Build.0 = Debug|Any CPU
		{F10ED5B5-3F17-44F0-950F-2F323D9B0A48}.Release|Any CPU.ActiveCfg = Release|Any CPU
		{F10ED5B5-3F17-44F0-950F-2F323D9B0A48}.Release|Any CPU.Build.0 = Release|Any CPU
		{21F75F00-5F21-4ADD-B423-E67E3D7D7628}.Debug|Any CPU.ActiveCfg = Debug|Any CPU
		{21F75F00-5F21-4ADD-B423-E67E3D7D7628}.Debug|Any CPU.Build.0 = Debug|Any CPU
		{21F75F00-5F21-4ADD-B423-E67E3D7D7628}.Release|Any CPU.ActiveCfg = Release|Any CPU
		{21F75F00-5F21-4ADD-B423-E67E3D7D7628}.Release|Any CPU.Build.0 = Release|Any CPU
	EndGlobalSection
	GlobalSection(SolutionProperties) = preSolution
		HideSolutionNode = FALSE
	EndGlobalSection
EndGlobal
